
Microsoft Visual Studio Solution File, Format Version 12.00
# Visual Studio Version 16
VisualStudioVersion = 16.0.31025.194
MinimumVisualStudioVersion = 10.0.40219.1
Project("{8BC9CEB8-8B4A-11D0-8D11-00A0C91BC942}") = "Week_1 - Hello world", "GEC_Semester_1.vcxproj", "{FCBA2EB0-A839-4D64-ACE9-121B98D853EC}"
EndProject
Project("{8BC9CEB8-8B4A-11D0-8D11-00A0C91BC942}") = "Week 2 - DatatypeSize", "..\Week 2\Week 2.vcxproj", "{2A42735F-71C7-4E8D-BCBD-6F4FA883052C}"
EndProject
Global
	GlobalSection(SolutionConfigurationPlatforms) = preSolution
		Debug|x64 = Debug|x64
		Debug|x86 = Debug|x86
		Release|x64 = Release|x64
		Release|x86 = Release|x86
	EndGlobalSection
	GlobalSection(ProjectConfigurationPlatforms) = postSolution
		{FCBA2EB0-A839-4D64-ACE9-121B98D853EC}.Debug|x64.ActiveCfg = Debug|x64
		{FCBA2EB0-A839-4D64-ACE9-121B98D853EC}.Debug|x64.Build.0 = Debug|x64
		{FCBA2EB0-A839-4D64-ACE9-121B98D853EC}.Debug|x86.ActiveCfg = Debug|Win32
		{FCBA2EB0-A839-4D64-ACE9-121B98D853EC}.Debug|x86.Build.0 = Debug|Win32
		{FCBA2EB0-A839-4D64-ACE9-121B98D853EC}.Release|x64.ActiveCfg = Release|x64
		{FCBA2EB0-A839-4D64-ACE9-121B98D853EC}.Release|x64.Build.0 = Release|x64
		{FCBA2EB0-A839-4D64-ACE9-121B98D853EC}.Release|x86.ActiveCfg = Release|Win32
		{FCBA2EB0-A839-4D64-ACE9-121B98D853EC}.Release|x86.Build.0 = Release|Win32
		{2A42735F-71C7-4E8D-BCBD-6F4FA883052C}.Debug|x64.ActiveCfg = Debug|x64
		{2A42735F-71C7-4E8D-BCBD-6F4FA883052C}.Debug|x64.Build.0 = Debug|x64
		{2A42735F-71C7-4E8D-BCBD-6F4FA883052C}.Debug|x86.ActiveCfg = Debug|Win32
		{2A42735F-71C7-4E8D-BCBD-6F4FA883052C}.Debug|x86.Build.0 = Debug|Win32
		{2A42735F-71C7-4E8D-BCBD-6F4FA883052C}.Release|x64.ActiveCfg = Release|x64
		{2A42735F-71C7-4E8D-BCBD-6F4FA883052C}.Release|x64.Build.0 = Release|x64
		{2A42735F-71C7-4E8D-BCBD-6F4FA883052C}.Release|x86.ActiveCfg = Release|Win32
		{2A42735F-71C7-4E8D-BCBD-6F4FA883052C}.Release|x86.Build.0 = Release|Win32
	EndGlobalSection
	GlobalSection(SolutionProperties) = preSolution
		HideSolutionNode = FALSE
	EndGlobalSection
	GlobalSection(ExtensibilityGlobals) = postSolution
		SolutionGuid = {32D46DE8-7DBE-47FD-9614-465773B1781B}
	EndGlobalSection
EndGlobal
